
Microsoft Visual Studio Solution File, Format Version 12.00
# Visual Studio Version 17
VisualStudioVersion = 17.6.33829.357
MinimumVisualStudioVersion = 10.0.40219.1
Project("{9A19103F-16F7-4668-BE54-9A1E7A4F7556}") = "WeaponSkill", "WeaponSkill.csproj", "{7235A1AD-E6A7-4407-B54B-387D55B22F0E}"
EndProject
Global
	GlobalSection(SolutionConfigurationPlatforms) = preSolution
		Debug|Any CPU = Debug|Any CPU
		Release|Any CPU = Release|Any CPU
	EndGlobalSection
	GlobalSection(ProjectConfigurationPlatforms) = postSolution
		{7235A1AD-E6A7-4407-B54B-387D55B22F0E}.Debug|Any CPU.ActiveCfg = Debug|Any CPU
		{7235A1AD-E6A7-4407-B54B-387D55B22F0E}.Debug|Any CPU.Build.0 = Debug|Any CPU
		{7235A1AD-E6A7-4407-B54B-387D55B22F0E}.Release|Any CPU.ActiveCfg = Release|Any CPU
		{7235A1AD-E6A7-4407-B54B-387D55B22F0E}.Release|Any CPU.Build.0 = Release|Any CPU
	EndGlobalSection
	GlobalSection(SolutionProperties) = preSolution
		HideSolutionNode = FALSE
	EndGlobalSection
	GlobalSection(ExtensibilityGlobals) = postSolution
		SolutionGuid = {53AAF0E1-8F42-4C60-9F71-3ADEFE5251FA}
	EndGlobalSection
EndGlobal
